{
  "version": 4,
  "terraform_version": "1.2.6",
  "serial": 9,
  "lineage": "307dc226-12e1-4d6d-5241-456d69e0bbbe",
  "outputs": {
    "myout": {
      "value": "MobilityCloudPlatform",
      "type": "string"
    }
  },
  "resources": [
    {
      "mode": "data",
      "type": "azuredevops_git_repository",
      "name": "myrepo",
      "provider": "provider[\"registry.terraform.io/microsoft/azuredevops\"]",
      "instances": [
        {
          "schema_version": 0,
          "attributes": {
            "default_branch": "refs/heads/develop/integration",
            "id": "96018509-9356-4dbe-8e50-b185b2205535",
            "is_fork": false,
            "name": "Backend_Services",
            "project_id": "ec491965-e7d5-4844-925b-dcb9b9715a33",
            "remote_url": "https://MobilityCloudPlatform@dev.azure.com/MobilityCloudPlatform/MobilityCloudPlatform/_git/Backend_Services",
            "size": 153742270,
            "ssh_url": "git@ssh.dev.azure.com:v3/MobilityCloudPlatform/MobilityCloudPlatform/Backend_Services",
            "url": "https://dev.azure.com/MobilityCloudPlatform/ec491965-e7d5-4844-925b-dcb9b9715a33/_apis/git/repositories/96018509-9356-4dbe-8e50-b185b2205535",
            "web_url": "https://dev.azure.com/MobilityCloudPlatform/MobilityCloudPlatform/_git/Backend_Services"
          },
          "sensitive_attributes": []
        }
      ]
    },
    {
      "mode": "data",
      "type": "azuredevops_project",
      "name": "proj",
      "provider": "provider[\"registry.terraform.io/microsoft/azuredevops\"]",
      "instances": [
        {
          "schema_version": 0,
          "attributes": {
            "description": "The Mobility Cloud Platform is a launchpad and ecosystem for developing, implementing and scaling IoT enabled digital products for new age connected solutions with the help of our scalable high-performance multi-tenant architecture, re-usable technology stacks, support for a wide range of devices and complete operational support with required tool chains.",
            "features": {},
            "id": "ec491965-e7d5-4844-925b-dcb9b9715a33",
            "name": "MobilityCloudPlatform",
            "process_template_id": "b8a3a935-7e91-48b8-a94c-606d37c3e9f2",
            "project_id": "ec491965-e7d5-4844-925b-dcb9b9715a33",
            "version_control": "Git",
            "visibility": "private",
            "work_item_template": "Basic"
          },
          "sensitive_attributes": []
        }
      ]
    },
    {
      "mode": "managed",
      "type": "azuredevops_build_definition",
      "name": "example",
      "provider": "provider[\"registry.terraform.io/microsoft/azuredevops\"]",
      "instances": [
        {
          "schema_version": 0,
          "attributes": {
            "agent_pool_name": "Azure Pipelines",
            "ci_trigger": [
              {
                "override": [],
                "use_yaml": false
              }
            ],
            "id": "239",
            "name": "YAML_Bosch_IOT_Adaptor",
            "path": "\\YAML Pipelines",
            "project_id": "ec491965-e7d5-4844-925b-dcb9b9715a33",
            "pull_request_trigger": [],
            "repository": [
              {
                "branch_name": "refs/heads/develop/integration",
                "github_enterprise_url": "",
                "repo_id": "96018509-9356-4dbe-8e50-b185b2205535",
                "repo_type": "TfsGit",
                "report_build_status": true,
                "service_connection_id": "",
                "yml_path": "/Test.yml"
              }
            ],
            "revision": 3,
            "schedules": [],
            "variable": [],
            "variable_groups": []
          },
          "sensitive_attributes": [],
          "private": "bnVsbA==",
          "dependencies": [
            "data.azuredevops_git_repository.myrepo",
            "data.azuredevops_project.proj"
          ]
        }
      ]
    },
    {
      "mode": "managed",
      "type": "azuredevops_variable_group",
      "name": "example",
      "provider": "provider[\"registry.terraform.io/microsoft/azuredevops\"]",
      "instances": [
        {
          "schema_version": 0,
          "attributes": {
            "allow_access": true,
            "description": "Bosch_IOT_Adaptor",
            "id": "19",
            "key_vault": [],
            "name": "Bosch_IOT_Adaptor",
            "project_id": "ec491965-e7d5-4844-925b-dcb9b9715a33",
            "variable": [
              {
                "content_type": "",
                "enabled": false,
                "expires": "",
                "is_secret": false,
                "name": "Docker_image",
                "secret_value": "",
                "value": "bosch-iot-adaptor image"
              },
              {
                "content_type": "",
                "enabled": false,
                "expires": "",
                "is_secret": false,
                "name": "Dockerfile",
                "secret_value": "",
                "value": "bosch-iot-adaptor/Dockerfile"
              },
              {
                "content_type": "",
                "enabled": false,
                "expires": "",
                "is_secret": false,
                "name": "arguments",
                "secret_value": "",
                "value": "--output $(build.artifactstagingdirectory)/bosch-iot-adaptor-service.image.tar bosch-iot-adaptor-service"
              },
              {
                "content_type": "",
                "enabled": false,
                "expires": "",
                "is_secret": false,
                "name": "buildContext",
                "secret_value": "",
                "value": "bosch-iot-adaptor"
              },
              {
                "content_type": "",
                "enabled": false,
                "expires": "",
                "is_secret": false,
                "name": "displayName",
                "secret_value": "",
                "value": "Maven bosch-iot-adaptor/pom.xml"
              },
              {
                "content_type": "",
                "enabled": false,
                "expires": "",
                "is_secret": false,
                "name": "mavenpomFile",
                "secret_value": "",
                "value": "bosch-iot-adaptor/pom.xml"
              },
              {
                "content_type": "",
                "enabled": false,
                "expires": "",
                "is_secret": false,
                "name": "repository",
                "secret_value": "",
                "value": "bosch-iot-adaptor-service"
              }
            ]
          },
          "sensitive_attributes": [],
          "private": "bnVsbA==",
          "dependencies": [
            "data.azuredevops_project.proj"
          ]
        }
      ]
    }
  ]
}